
Microsoft Visual Studio Solution File, Format Version 12.00
# Visual Studio 15
VisualStudioVersion = 15.0.27130.2010
MinimumVisualStudioVersion = 10.0.40219.1
Project("{FAE04EC0-301F-11D3-BF4B-00C04F79EFBC}") = "OrphanageDataModel", "DataModel\OrphanageDataModel.csproj", "{59D74B72-53D5-425C-BCF0-D89F29058EDA}"
EndProject
Project("{FAE04EC0-301F-11D3-BF4B-00C04F79EFBC}") = "OrphanageService", "OrphanageService\OrphanageService.csproj", "{7FB5E937-FAE6-4A43-B108-36C0B1143ADB}"
EndProject
Global
	GlobalSection(SolutionConfigurationPlatforms) = preSolution
		Debug|Any CPU = Debug|Any CPU
		Release|Any CPU = Release|Any CPU
	EndGlobalSection
	GlobalSection(ProjectConfigurationPlatforms) = postSolution
		{59D74B72-53D5-425C-BCF0-D89F29058EDA}.Debug|Any CPU.ActiveCfg = Debug|Any CPU
		{59D74B72-53D5-425C-BCF0-D89F29058EDA}.Debug|Any CPU.Build.0 = Debug|Any CPU
		{59D74B72-53D5-425C-BCF0-D89F29058EDA}.Release|Any CPU.ActiveCfg = Release|Any CPU
		{59D74B72-53D5-425C-BCF0-D89F29058EDA}.Release|Any CPU.Build.0 = Release|Any CPU
		{7FB5E937-FAE6-4A43-B108-36C0B1143ADB}.Debug|Any CPU.ActiveCfg = Debug|Any CPU
		{7FB5E937-FAE6-4A43-B108-36C0B1143ADB}.Debug|Any CPU.Build.0 = Debug|Any CPU
		{7FB5E937-FAE6-4A43-B108-36C0B1143ADB}.Release|Any CPU.ActiveCfg = Release|Any CPU
		{7FB5E937-FAE6-4A43-B108-36C0B1143ADB}.Release|Any CPU.Build.0 = Release|Any CPU
	EndGlobalSection
	GlobalSection(SolutionProperties) = preSolution
		HideSolutionNode = FALSE
	EndGlobalSection
	GlobalSection(ExtensibilityGlobals) = postSolution
		SolutionGuid = {05173FE8-CAC2-4101-9FA2-48F2DAC9F47F}
	EndGlobalSection
EndGlobal
